<?xml version="1.0" encoding="utf-8"?>
<Project ToolsVersion="4.0" xmlns="http://schemas.microsoft.com/developer/msbuild/2003">
  <ItemGroup>
    <ClCompile Include="Bala.cpp" />
    <ClCompile Include="Contagiado.cpp" />
    <ClCompile Include="Enfermero.cpp" />
    <ClCompile Include="GestorBalas.cpp" />
    <ClCompile Include="GestorContagiado.cpp" />
    <ClCompile Include="Level2.cpp" />
    <ClCompile Include="main.cpp" />
    <ClCompile Include="Mochila.cpp" />
    <ClCompile Include="Reglas.cpp" />
    <ClCompile Include="screenGameOver.cpp" />
    <ClCompile Include="ScreenWin.cpp" />
    <ClCompile Include="selecModoJuego.cpp" />
    <ClCompile Include="selecPersonaje.cpp" />
    <ClCompile Include="levelMultiplayer.cpp" />
  </ItemGroup>
  <ItemGroup>
    <ClInclude Include="Bala.h" />
    <ClInclude Include="constantes.h" />
    <ClInclude Include="Cronometro.h" />
    <ClInclude Include="Enfermero.h" />
    <ClInclude Include="Enfermo.h" />
    <ClInclude Include="funcionesAddicionales.h" />
    <ClInclude Include="GestorBalas.h" />
    <ClInclude Include="GestorEnfermo.h" />
    <ClInclude Include="Inicio.h" />
    <ClInclude Include="Level2.h" />
    <ClInclude Include="Reglas.h" />
    <ClInclude Include="screenGameOver.h" />
    <ClInclude Include="Personaje.h" />
    <ClInclude Include="Level1.h" />
    <ClInclude Include="Item.h" />
    <ClInclude Include="Mochila.h" />
    <ClInclude Include="ScreenWin.h" />
    <ClInclude Include="selecModoJuego.h" />
    <ClInclude Include="selecPersonaje.h" />
    <ClInclude Include="levelMultiplayer.h" />
    <ClInclude Include="EnfermeroController.h" />
  </ItemGroup>
</Project>